
Microsoft Visual Studio Solution File, Format Version 10.00
# Visual Studio 2008
Project("{FAE04EC0-301F-11D3-BF4B-00C04F79EFBC}") = "QCChart2DNet", "QCChart2DNet.csproj", "{BA90A942-8AFC-4EC1-97A7-CEBBDB9B5986}"
EndProject
Project("{FAE04EC0-301F-11D3-BF4B-00C04F79EFBC}") = "WindowsFormsApplication1", "WindowsFormsApplication1\WindowsFormsApplication1\WindowsFormsApplication1.csproj", "{30638801-6BE0-4E32-8C1E-277E99DD2444}"
EndProject
Global
	GlobalSection(SolutionConfigurationPlatforms) = preSolution
		Debug|Any CPU = Debug|Any CPU
		Release|Any CPU = Release|Any CPU
	EndGlobalSection
	GlobalSection(ProjectConfigurationPlatforms) = postSolution
		{BA90A942-8AFC-4EC1-97A7-CEBBDB9B5986}.Debug|Any CPU.ActiveCfg = Debug|Any CPU
		{BA90A942-8AFC-4EC1-97A7-CEBBDB9B5986}.Debug|Any CPU.Build.0 = Debug|Any CPU
		{BA90A942-8AFC-4EC1-97A7-CEBBDB9B5986}.Release|Any CPU.ActiveCfg = Release|Any CPU
		{BA90A942-8AFC-4EC1-97A7-CEBBDB9B5986}.Release|Any CPU.Build.0 = Release|Any CPU
		{30638801-6BE0-4E32-8C1E-277E99DD2444}.Debug|Any CPU.ActiveCfg = Debug|Any CPU
		{30638801-6BE0-4E32-8C1E-277E99DD2444}.Debug|Any CPU.Build.0 = Debug|Any CPU
		{30638801-6BE0-4E32-8C1E-277E99DD2444}.Release|Any CPU.ActiveCfg = Release|Any CPU
		{30638801-6BE0-4E32-8C1E-277E99DD2444}.Release|Any CPU.Build.0 = Release|Any CPU
	EndGlobalSection
	GlobalSection(SolutionProperties) = preSolution
		HideSolutionNode = FALSE
	EndGlobalSection
EndGlobal
